// !$*UTF8*$!
{
	archiveVersion = 1;
	classes = {
	};
	objectVersion = 46;
	objects = {

/* Begin PBXBuildFile section */
		EECDD498194726AE002BBF87 /* main.swift in Sources */ = {isa = PBXBuildFile; fileRef = EECDD497194726AE002BBF87 /* main.swift */; };
/* End PBXBuildFile section */

/* Begin PBXCopyFilesBuildPhase section */
		EECDD492194726AE002BBF87 /* CopyFiles */ = {
			isa = PBXCopyFilesBuildPhase;
			buildActionMask = 2147483647;
			dstPath = /usr/share/man/man1/;
			dstSubfolderSpec = 0;
			files = (
			);
			runOnlyForDeploymentPostprocessing = 1;
		};
/* End PBXCopyFilesBuildPhase section */

/* Begin PBXFileReference section */
		EECDD494194726AE002BBF87 /* Swift Tutorial */ = {isa = PBXFileReference; explicitFileType = "compiled.mach-o.executable"; includeInIndex = 0; path = "Swift Tutorial"; sourceTree = BUILT_PRODUCTS_DIR; };
		EECDD497194726AE002BBF87 /* main.swift */ = {isa = PBXFileReference; lastKnownFileType = sourcecode.swift; path = main.swift; sourceTree = "<group>"; };
/* End PBXFileReference section */

/* Begin PBXFrameworksBuildPhase section */
		EECDD491194726AE002BBF87 /* Frameworks */ = {
			isa = PBXFrameworksBuildPhase;
			buildActionMask = 2147483647;
			files = (
			);
			runOnlyForDeploymentPostprocessing = 0;
		};
/* End PBXFrameworksBuildPhase section */

/* Begin PBXGroup section */
		EECDD48B194726AE002BBF87 = {
			isa = PBXGroup;
			children = (
				EECDD496194726AE002BBF87 /* Swift Tutorial */,
				EECDD495194726AE002BBF87 /* Products */,
			);
			sourceTree = "<group>";
		};
		EECDD495194726AE002BBF87 /* Products */ = {
			isa = PBXGroup;
			children = (
				EECDD494194726AE002BBF87 /* Swift Tutorial */,
			);
			name = Products;
			sourceTree = "<group>";
		};
		EECDD496194726AE002BBF87 /* Swift Tutorial */ = {
			isa = PBXGroup;
			children = (
				EECDD497194726AE002BBF87 /* main.swift */,
			);
			path = "Swift Tutorial";
			sourceTree = "<group>";
		};
/* End PBXGroup section */

/* Begin PBXNativeTarget section */
		EECDD493194726AE002BBF87 /* Swift Tutorial */ = {
			isa = PBXNativeTarget;
			buildConfigurationList = EECDD49B194726AE002BBF87 /* Build configuration list for PBXNativeTarget "Swift Tutorial" */;
			buildPhases = (
				EECDD490194726AE002BBF87 /* Sources */,
				EECDD491194726AE002BBF87 /* Frameworks */,
				EECDD492194726AE002BBF87 /* CopyFiles */,
			);
			buildRules = (
			);
			dependencies = (
			);
			name = "Swift Tutorial";
			productName = "Swift Tutorial";
			productReference = EECDD494194726AE002BBF87 /* Swift Tutorial */;
			productType = "com.apple.product-type.tool";
		};
/* End PBXNativeTarget section */

/* Begin PBXProject section */
		EECDD48C194726AE002BBF87 /* Project object */ = {
			isa = PBXProject;
			attributes = {
				LastUpgradeCheck = 0600;
				ORGANIZATIONNAME = "Sonar Systems";
				TargetAttributes = {
					EECDD493194726AE002BBF87 = {
						CreatedOnToolsVersion = 6.0;
					};
				};
			};
			buildConfigurationList = EECDD48F194726AE002BBF87 /* Build configuration list for PBXProject "Swift Tutorial" */;
			compatibilityVersion = "Xcode 3.2";
			developmentRegion = English;
			hasScannedForEncodings = 0;
			knownRegions = (
				en,
			);
			mainGroup = EECDD48B194726AE002BBF87;
			productRefGroup = EECDD495194726AE002BBF87 /* Products */;
			projectDirPath = "";
			projectRoot = "";
			targets = (
				EECDD493194726AE002BBF87 /* Swift Tutorial */,
			);
		};
/* End PBXProject section */

/* Begin PBXSourcesBuildPhase section */
		EECDD490194726AE002BBF87 /* Sources */ = {
			isa = PBXSourcesBuildPhase;
			buildActionMask = 2147483647;
			files = (
				EECDD498194726AE002BBF87 /* main.swift in Sources */,
			);
			runOnlyForDeploymentPostprocessing = 0;
		};
/* End PBXSourcesBuildPhase section */

/* Begin XCBuildConfiguration section */
		EECDD499194726AE002BBF87 /* Debug */ = {
			isa = XCBuildConfiguration;
			buildSettings = {
				ALWAYS_SEARCH_USER_PATHS = NO;
				CLANG_CXX_LANGUAGE_STANDARD = "gnu++0x";
				CLANG_CXX_LIBRARY = "libc++";
				CLANG_ENABLE_MODULES = YES;
				CLANG_ENABLE_OBJC_ARC = YES;
				CLANG_WARN_BOOL_CONVERSION = YES;
				CLANG_WARN_CONSTANT_CONVERSION = YES;
				CLANG_WARN_DIRECT_OBJC_ISA_USAGE = YES_ERROR;
				CLANG_WARN_EMPTY_BODY = YES;
				CLANG_WARN_ENUM_CONVERSION = YES;
				CLANG_WARN_INT_CONVERSION = YES;
				CLANG_WARN_OBJC_ROOT_CLASS = YES_ERROR;
				CLANG_WARN_UNREACHABLE_CODE = YES;
				CLANG_WARN__DUPLICATE_METHOD_MATCH = YES;
				COPY_PHASE_STRIP = NO;
				ENABLE_STRICT_OBJC_MSGSEND = YES;
				GCC_C_LANGUAGE_STANDARD = gnu99;
				GCC_DYNAMIC_NO_PIC = NO;
				GCC_OPTIMIZATION_LEVEL = 0;
				GCC_PREPROCESSOR_DEFINITIONS = (
					"DEBUG=1",
					"$(inherited)",
				);
				GCC_SYMBOLS_PRIVATE_EXTERN = NO;
				GCC_WARN_64_TO_32_BIT_CONVERSION = YES;
				GCC_WARN_ABOUT_RETURN_TYPE = YES_ERROR;
				GCC_WARN_UNDECLARED_SELECTOR = YES;
				GCC_WARN_UNINITIALIZED_AUTOS = YES_AGGRESSIVE;
				GCC_WARN_UNUSED_FUNCTION = YES;
				GCC_WARN_UNUSED_VARIABLE = YES;
				MACOSX_DEPLOYMENT_TARGET = 10.9;
				METAL_ENABLE_DEBUG_INFO = YES;
				ONLY_ACTIVE_ARCH = YES;
				SDKROOT = macosx;
				SWIFT_OPTIMIZATION_LEVEL = "-Onone";
			};
			name = Debug;
		};
		EECDD49A194726AE002BBF87 /* Release */ = {
			isa = XCBuildConfiguration;
			buildSettings = {
				ALWAYS_SEARCH_USER_PATHS = NO;
				CLANG_CXX_LANGUAGE_STANDARD = "gnu++0x";
				CLANG_CXX_LIBRARY = "libc++";
				CLANG_ENABLE_MODULES = YES;
				CLANG_ENABLE_OBJC_ARC = YES;
				CLANG_WARN_BOOL_CONVERSION = YES;
				CLANG_WARN_CONSTANT_CONVERSION = YES;
				CLANG_WARN_DIRECT_OBJC_ISA_USAGE = YES_ERROR;
				CLANG_WARN_EMPTY_BODY = YES;
				CLANG_WARN_ENUM_CONVERSION = YES;
				CLANG_WARN_INT_CONVERSION = YES;
				CLANG_WARN_OBJC_ROOT_CLASS = YES_ERROR;
				CLANG_WARN_UNREACHABLE_CODE = YES;
				CLANG_WARN__DUPLICATE_METHOD_MATCH = YES;
				COPY_PHASE_STRIP = YES;
				DEBUG_INFORMATION_FORMAT = "dwarf-with-dsym";
				ENABLE_NS_ASSERTIONS = NO;
				ENABLE_STRICT_OBJC_MSGSEND = YES;
				GCC_C_LANGUAGE_STANDARD = gnu99;
				GCC_WARN_64_TO_32_BIT_CONVERSION = YES;
				GCC_WARN_ABOUT_RETURN_TYPE = YES_ERROR;
				GCC_WARN_UNDECLARED_SELECTOR = YES;
				GCC_WARN_UNINITIALIZED_AUTOS = YES_AGGRESSIVE;
				GCC_WARN_UNUSED_FUNCTION = YES;
				GCC_WARN_UNUSED_VARIABLE = YES;
				MACOSX_DEPLOYMENT_TARGET = 10.9;
				METAL_ENABLE_DEBUG_INFO = NO;
				SDKROOT = macosx;
			};
			name = Release;
		};
		EECDD49C194726AE002BBF87 /* Debug */ = {
			isa = XCBuildConfiguration;
			buildSettings = {
				PRODUCT_NAME = "$(TARGET_NAME)";
			};
			name = Debug;
		};
		EECDD49D194726AE002BBF87 /* Release */ = {
			isa = XCBuildConfiguration;
			buildSettings = {
				PRODUCT_NAME = "$(TARGET_NAME)";
			};
			name = Release;
		};
/* End XCBuildConfiguration section */

/* Begin XCConfigurationList section */
		EECDD48F194726AE002BBF87 /* Build configuration list for PBXProject "Swift Tutorial" */ = {
			isa = XCConfigurationList;
			buildConfigurations = (
				EECDD499194726AE002BBF87 /* Debug */,
				EECDD49A194726AE002BBF87 /* Release */,
			);
			defaultConfigurationIsVisible = 0;
			defaultConfigurationName = Release;
		};
		EECDD49B194726AE002BBF87 /* Build configuration list for PBXNativeTarget "Swift Tutorial" */ = {
			isa = XCConfigurationList;
			buildConfigurations = (
				EECDD49C194726AE002BBF87 /* Debug */,
				EECDD49D194726AE002BBF87 /* Release */,
			);
			defaultConfigurationIsVisible = 0;
		};
/* End XCConfigurationList section */
	};
	rootObject = EECDD48C194726AE002BBF87 /* Project object */;
}
